{
    "name": "wwdtm-theme",
    "version": "0.1.0",
    "lockfileVersion": 3,
    "requires": true,
    "packages": {
        "": {
            "name": "wwdtm-theme",
            "license": "Apache-2.0",
            "dependencies": {
                "@ibm/plex-mono": "^1.1.0",
                "@ibm/plex-sans": "^1.1.0",
                "@ibm/plex-serif": "^2.0.0"
            }
        },
        "node_modules/@ibm/plex-mono": {
            "version": "1.1.0",
            "resolved": "https://registry.npmjs.org/@ibm/plex-mono/-/plex-mono-1.1.0.tgz",
            "integrity": "sha512-hpsdRxR3BRJkC6wGM4MZcUFD6C8M+mmK76RtAy/hlsfPro9FzpXVdIWC+G3jeQOXof109dxlUvmeKxpeKUG68A==",
            "hasInstallScript": true,
            "license": "OFL-1.1",
            "dependencies": {
                "@ibm/telemetry-js": "^1.6.1"
            }
        },
        "node_modules/@ibm/plex-sans": {
            "version": "1.1.0",
            "resolved": "https://registry.npmjs.org/@ibm/plex-sans/-/plex-sans-1.1.0.tgz",
            "integrity": "sha512-WPgvO6Yfj2w5YbhyAr1tv95RUz4LRJlqN+CmYvBglabXteufP1D1E9BABMde+ZIKdRbFJDoKF5eQzfhpnbgZcQ==",
            "hasInstallScript": true,
            "license": "OFL-1.1",
            "dependencies": {
                "@ibm/telemetry-js": "^1.6.1"
            }
        },
        "node_modules/@ibm/plex-serif": {
            "version": "2.0.0",
            "resolved": "https://registry.npmjs.org/@ibm/plex-serif/-/plex-serif-2.0.0.tgz",
            "integrity": "sha512-xVu9JsC18tBoQF2M6fofpsWrHj5a94saxlOZbYmXoC0E3UfjgS1JlibgrnaUJjnkLlEyCpMgI2PdhkDxijw0gA==",
            "hasInstallScript": true,
            "license": "OFL-1.1",
            "dependencies": {
                "@ibm/telemetry-js": "^1.6.1"
            }
        },
        "node_modules/@ibm/telemetry-js": {
            "version": "1.9.1",
            "resolved": "https://registry.npmjs.org/@ibm/telemetry-js/-/telemetry-js-1.9.1.tgz",
            "integrity": "sha512-qq8RPafUJHUQieXVCte1kbJEx6JctWzbA/YkXzopbfzIDRT2+hbR9QmgH+KH7bDDNRcDbdHWvHfwJKzThlMtPg==",
            "license": "Apache-2.0",
            "bin": {
                "ibmtelemetry": "dist/collect.js"
            }
        }
    }
}
